
Microsoft Visual Studio Solution File, Format Version 12.00
# Visual Studio Version 17
VisualStudioVersion = 17.9.34714.143
MinimumVisualStudioVersion = 10.0.40219.1
Project("{FAE04EC0-301F-11D3-BF4B-00C04F79EFBC}") = "NetCoreApi", "NetCoreApi\NetCoreApi.csproj", "{DAC1A205-61EC-4FFE-9F87-240DA3086FD9}"
EndProject
Global
	GlobalSection(SolutionConfigurationPlatforms) = preSolution
		Debug|Any CPU = Debug|Any CPU
		Release|Any CPU = Release|Any CPU
	EndGlobalSection
	GlobalSection(ProjectConfigurationPlatforms) = postSolution
		{DAC1A205-61EC-4FFE-9F87-240DA3086FD9}.Debug|Any CPU.ActiveCfg = Debug|Any CPU
		{DAC1A205-61EC-4FFE-9F87-240DA3086FD9}.Debug|Any CPU.Build.0 = Debug|Any CPU
		{DAC1A205-61EC-4FFE-9F87-240DA3086FD9}.Release|Any CPU.ActiveCfg = Release|Any CPU
		{DAC1A205-61EC-4FFE-9F87-240DA3086FD9}.Release|Any CPU.Build.0 = Release|Any CPU
	EndGlobalSection
	GlobalSection(SolutionProperties) = preSolution
		HideSolutionNode = FALSE
	EndGlobalSection
	GlobalSection(ExtensibilityGlobals) = postSolution
		SolutionGuid = {41A5F364-F1D5-4F49-BD9C-761A7982FA7F}
	EndGlobalSection
EndGlobal
